
Microsoft Visual Studio Solution File, Format Version 12.00
# Visual Studio Version 17
VisualStudioVersion = 17.10.35013.160
MinimumVisualStudioVersion = 10.0.40219.1
Project("{9A19103F-16F7-4668-BE54-9A1E7A4F7556}") = "FishSpotter.Server", "PracaInzynierska.Server\FishSpotter.Server.csproj", "{7888D5F1-C007-4180-BF9E-B1CB34AD668C}"
EndProject
Project("{54A90642-561A-4BB1-A94E-469ADEE60C69}") = "FishSpotter.client", "pracainzynierska.client\FishSpotter.client.esproj", "{39FE9407-8CBC-467A-91C8-1E98A36AE046}"
EndProject
Global
	GlobalSection(SolutionConfigurationPlatforms) = preSolution
		Debug|Any CPU = Debug|Any CPU
		Release|Any CPU = Release|Any CPU
	EndGlobalSection
	GlobalSection(ProjectConfigurationPlatforms) = postSolution
		{7888D5F1-C007-4180-BF9E-B1CB34AD668C}.Debug|Any CPU.ActiveCfg = Debug|Any CPU
		{7888D5F1-C007-4180-BF9E-B1CB34AD668C}.Debug|Any CPU.Build.0 = Debug|Any CPU
		{7888D5F1-C007-4180-BF9E-B1CB34AD668C}.Release|Any CPU.ActiveCfg = Release|Any CPU
		{7888D5F1-C007-4180-BF9E-B1CB34AD668C}.Release|Any CPU.Build.0 = Release|Any CPU
		{39FE9407-8CBC-467A-91C8-1E98A36AE046}.Debug|Any CPU.ActiveCfg = Debug|Any CPU
		{39FE9407-8CBC-467A-91C8-1E98A36AE046}.Debug|Any CPU.Build.0 = Debug|Any CPU
		{39FE9407-8CBC-467A-91C8-1E98A36AE046}.Debug|Any CPU.Deploy.0 = Debug|Any CPU
		{39FE9407-8CBC-467A-91C8-1E98A36AE046}.Release|Any CPU.ActiveCfg = Release|Any CPU
		{39FE9407-8CBC-467A-91C8-1E98A36AE046}.Release|Any CPU.Build.0 = Release|Any CPU
		{39FE9407-8CBC-467A-91C8-1E98A36AE046}.Release|Any CPU.Deploy.0 = Release|Any CPU
	EndGlobalSection
	GlobalSection(SolutionProperties) = preSolution
		HideSolutionNode = FALSE
	EndGlobalSection
	GlobalSection(ExtensibilityGlobals) = postSolution
		SolutionGuid = {0073D505-C9CB-43AF-BEB8-FB988F746EB1}
	EndGlobalSection
EndGlobal
